// !$*UTF8*$!
{
	archiveVersion = 1;
	classes = {
	};
	objectVersion = 46;
	objects = {

/* Begin PBXBuildFile section */
		53B51B581BE81A34008F0339 /* AppDelegate.swift in Sources */ = {isa = PBXBuildFile; fileRef = 53B51B571BE81A34008F0339 /* AppDelegate.swift */; };
		53B51B5A1BE81A34008F0339 /* ViewController.swift in Sources */ = {isa = PBXBuildFile; fileRef = 53B51B591BE81A34008F0339 /* ViewController.swift */; };
		53B51B5D1BE81A34008F0339 /* Main.storyboard in Resources */ = {isa = PBXBuildFile; fileRef = 53B51B5B1BE81A34008F0339 /* Main.storyboard */; };
		53B51B5F1BE81A34008F0339 /* Assets.xcassets in Resources */ = {isa = PBXBuildFile; fileRef = 53B51B5E1BE81A34008F0339 /* Assets.xcassets */; };
		53B51B621BE81A34008F0339 /* LaunchScreen.storyboard in Resources */ = {isa = PBXBuildFile; fileRef = 53B51B601BE81A34008F0339 /* LaunchScreen.storyboard */; };
		53B51B6D1BE81A34008F0339 /* BillboTests.swift in Sources */ = {isa = PBXBuildFile; fileRef = 53B51B6C1BE81A34008F0339 /* BillboTests.swift */; };
		53B51B781BE81A34008F0339 /* BillboUITests.swift in Sources */ = {isa = PBXBuildFile; fileRef = 53B51B771BE81A34008F0339 /* BillboUITests.swift */; };
/* End PBXBuildFile section */

/* Begin PBXContainerItemProxy section */
		53B51B691BE81A34008F0339 /* PBXContainerItemProxy */ = {
			isa = PBXContainerItemProxy;
			containerPortal = 53B51B4C1BE81A34008F0339 /* Project object */;
			proxyType = 1;
			remoteGlobalIDString = 53B51B531BE81A34008F0339;
			remoteInfo = Billbo;
		};
		53B51B741BE81A34008F0339 /* PBXContainerItemProxy */ = {
			isa = PBXContainerItemProxy;
			containerPortal = 53B51B4C1BE81A34008F0339 /* Project object */;
			proxyType = 1;
			remoteGlobalIDString = 53B51B531BE81A34008F0339;
			remoteInfo = Billbo;
		};
/* End PBXContainerItemProxy section */

/* Begin PBXFileReference section */
		53B51B541BE81A34008F0339 /* Billbo.app */ = {isa = PBXFileReference; explicitFileType = wrapper.application; includeInIndex = 0; path = Billbo.app; sourceTree = BUILT_PRODUCTS_DIR; };
		53B51B571BE81A34008F0339 /* AppDelegate.swift */ = {isa = PBXFileReference; lastKnownFileType = sourcecode.swift; path = AppDelegate.swift; sourceTree = "<group>"; };
		53B51B591BE81A34008F0339 /* ViewController.swift */ = {isa = PBXFileReference; lastKnownFileType = sourcecode.swift; path = ViewController.swift; sourceTree = "<group>"; };
		53B51B5C1BE81A34008F0339 /* Base */ = {isa = PBXFileReference; lastKnownFileType = file.storyboard; name = Base; path = Base.lproj/Main.storyboard; sourceTree = "<group>"; };
		53B51B5E1BE81A34008F0339 /* Assets.xcassets */ = {isa = PBXFileReference; lastKnownFileType = folder.assetcatalog; path = Assets.xcassets; sourceTree = "<group>"; };
		53B51B611BE81A34008F0339 /* Base */ = {isa = PBXFileReference; lastKnownFileType = file.storyboard; name = Base; path = Base.lproj/LaunchScreen.storyboard; sourceTree = "<group>"; };
		53B51B631BE81A34008F0339 /* Info.plist */ = {isa = PBXFileReference; lastKnownFileType = text.plist.xml; path = Info.plist; sourceTree = "<group>"; };
		53B51B681BE81A34008F0339 /* BillboTests.xctest */ = {isa = PBXFileReference; explicitFileType = wrapper.cfbundle; includeInIndex = 0; path = BillboTests.xctest; sourceTree = BUILT_PRODUCTS_DIR; };
		53B51B6C1BE81A34008F0339 /* BillboTests.swift */ = {isa = PBXFileReference; lastKnownFileType = sourcecode.swift; path = BillboTests.swift; sourceTree = "<group>"; };
		53B51B6E1BE81A34008F0339 /* Info.plist */ = {isa = PBXFileReference; lastKnownFileType = text.plist.xml; path = Info.plist; sourceTree = "<group>"; };
		53B51B731BE81A34008F0339 /* BillboUITests.xctest */ = {isa = PBXFileReference; explicitFileType = wrapper.cfbundle; includeInIndex = 0; path = BillboUITests.xctest; sourceTree = BUILT_PRODUCTS_DIR; };
		53B51B771BE81A34008F0339 /* BillboUITests.swift */ = {isa = PBXFileReference; lastKnownFileType = sourcecode.swift; path = BillboUITests.swift; sourceTree = "<group>"; };
		53B51B791BE81A34008F0339 /* Info.plist */ = {isa = PBXFileReference; lastKnownFileType = text.plist.xml; path = Info.plist; sourceTree = "<group>"; };
/* End PBXFileReference section */

/* Begin PBXFrameworksBuildPhase section */
		53B51B511BE81A34008F0339 /* Frameworks */ = {
			isa = PBXFrameworksBuildPhase;
			buildActionMask = 2147483647;
			files = (
			);
			runOnlyForDeploymentPostprocessing = 0;
		};
		53B51B651BE81A34008F0339 /* Frameworks */ = {
			isa = PBXFrameworksBuildPhase;
			buildActionMask = 2147483647;
			files = (
			);
			runOnlyForDeploymentPostprocessing = 0;
		};
		53B51B701BE81A34008F0339 /* Frameworks */ = {
			isa = PBXFrameworksBuildPhase;
			buildActionMask = 2147483647;
			files = (
			);
			runOnlyForDeploymentPostprocessing = 0;
		};
/* End PBXFrameworksBuildPhase section */

/* Begin PBXGroup section */
		53B51B4B1BE81A34008F0339 = {
			isa = PBXGroup;
			children = (
				53B51B561BE81A34008F0339 /* Billbo */,
				53B51B6B1BE81A34008F0339 /* BillboTests */,
				53B51B761BE81A34008F0339 /* BillboUITests */,
				53B51B551BE81A34008F0339 /* Products */,
			);
			sourceTree = "<group>";
		};
		53B51B551BE81A34008F0339 /* Products */ = {
			isa = PBXGroup;
			children = (
				53B51B541BE81A34008F0339 /* Billbo.app */,
				53B51B681BE81A34008F0339 /* BillboTests.xctest */,
				53B51B731BE81A34008F0339 /* BillboUITests.xctest */,
			);
			name = Products;
			sourceTree = "<group>";
		};
		53B51B561BE81A34008F0339 /* Billbo */ = {
			isa = PBXGroup;
			children = (
				53B51B571BE81A34008F0339 /* AppDelegate.swift */,
				53B51B591BE81A34008F0339 /* ViewController.swift */,
				53B51B5B1BE81A34008F0339 /* Main.storyboard */,
				53B51B5E1BE81A34008F0339 /* Assets.xcassets */,
				53B51B601BE81A34008F0339 /* LaunchScreen.storyboard */,
				53B51B631BE81A34008F0339 /* Info.plist */,
			);
			path = Billbo;
			sourceTree = "<group>";
		};
		53B51B6B1BE81A34008F0339 /* BillboTests */ = {
			isa = PBXGroup;
			children = (
				53B51B6C1BE81A34008F0339 /* BillboTests.swift */,
				53B51B6E1BE81A34008F0339 /* Info.plist */,
			);
			path = BillboTests;
			sourceTree = "<group>";
		};
		53B51B761BE81A34008F0339 /* BillboUITests */ = {
			isa = PBXGroup;
			children = (
				53B51B771BE81A34008F0339 /* BillboUITests.swift */,
				53B51B791BE81A34008F0339 /* Info.plist */,
			);
			path = BillboUITests;
			sourceTree = "<group>";
		};
/* End PBXGroup section */

/* Begin PBXNativeTarget section */
		53B51B531BE81A34008F0339 /* Billbo */ = {
			isa = PBXNativeTarget;
			buildConfigurationList = 53B51B7C1BE81A34008F0339 /* Build configuration list for PBXNativeTarget "Billbo" */;
			buildPhases = (
				53B51B501BE81A34008F0339 /* Sources */,
				53B51B511BE81A34008F0339 /* Frameworks */,
				53B51B521BE81A34008F0339 /* Resources */,
			);
			buildRules = (
			);
			dependencies = (
			);
			name = Billbo;
			productName = Billbo;
			productReference = 53B51B541BE81A34008F0339 /* Billbo.app */;
			productType = "com.apple.product-type.application";
		};
		53B51B671BE81A34008F0339 /* BillboTests */ = {
			isa = PBXNativeTarget;
			buildConfigurationList = 53B51B7F1BE81A34008F0339 /* Build configuration list for PBXNativeTarget "BillboTests" */;
			buildPhases = (
				53B51B641BE81A34008F0339 /* Sources */,
				53B51B651BE81A34008F0339 /* Frameworks */,
				53B51B661BE81A34008F0339 /* Resources */,
			);
			buildRules = (
			);
			dependencies = (
				53B51B6A1BE81A34008F0339 /* PBXTargetDependency */,
			);
			name = BillboTests;
			productName = BillboTests;
			productReference = 53B51B681BE81A34008F0339 /* BillboTests.xctest */;
			productType = "com.apple.product-type.bundle.unit-test";
		};
		53B51B721BE81A34008F0339 /* BillboUITests */ = {
			isa = PBXNativeTarget;
			buildConfigurationList = 53B51B821BE81A34008F0339 /* Build configuration list for PBXNativeTarget "BillboUITests" */;
			buildPhases = (
				53B51B6F1BE81A34008F0339 /* Sources */,
				53B51B701BE81A34008F0339 /* Frameworks */,
				53B51B711BE81A34008F0339 /* Resources */,
			);
			buildRules = (
			);
			dependencies = (
				53B51B751BE81A34008F0339 /* PBXTargetDependency */,
			);
			name = BillboUITests;
			productName = BillboUITests;
			productReference = 53B51B731BE81A34008F0339 /* BillboUITests.xctest */;
			productType = "com.apple.product-type.bundle.ui-testing";
		};
/* End PBXNativeTarget section */

/* Begin PBXProject section */
		53B51B4C1BE81A34008F0339 /* Project object */ = {
			isa = PBXProject;
			attributes = {
				LastSwiftUpdateCheck = 0710;
				LastUpgradeCheck = 0710;
				ORGANIZATIONNAME = "Crystal Kuo";
				TargetAttributes = {
					53B51B531BE81A34008F0339 = {
						CreatedOnToolsVersion = 7.1;
					};
					53B51B671BE81A34008F0339 = {
						CreatedOnToolsVersion = 7.1;
						TestTargetID = 53B51B531BE81A34008F0339;
					};
					53B51B721BE81A34008F0339 = {
						CreatedOnToolsVersion = 7.1;
						TestTargetID = 53B51B531BE81A34008F0339;
					};
				};
			};
			buildConfigurationList = 53B51B4F1BE81A34008F0339 /* Build configuration list for PBXProject "Billbo" */;
			compatibilityVersion = "Xcode 3.2";
			developmentRegion = English;
			hasScannedForEncodings = 0;
			knownRegions = (
				en,
				Base,
			);
			mainGroup = 53B51B4B1BE81A34008F0339;
			productRefGroup = 53B51B551BE81A34008F0339 /* Products */;
			projectDirPath = "";
			projectRoot = "";
			targets = (
				53B51B531BE81A34008F0339 /* Billbo */,
				53B51B671BE81A34008F0339 /* BillboTests */,
				53B51B721BE81A34008F0339 /* BillboUITests */,
			);
		};
/* End PBXProject section */

/* Begin PBXResourcesBuildPhase section */
		53B51B521BE81A34008F0339 /* Resources */ = {
			isa = PBXResourcesBuildPhase;
			buildActionMask = 2147483647;
			files = (
				53B51B621BE81A34008F0339 /* LaunchScreen.storyboard in Resources */,
				53B51B5F1BE81A34008F0339 /* Assets.xcassets in Resources */,
				53B51B5D1BE81A34008F0339 /* Main.storyboard in Resources */,
			);
			runOnlyForDeploymentPostprocessing = 0;
		};
		53B51B661BE81A34008F0339 /* Resources */ = {
			isa = PBXResourcesBuildPhase;
			buildActionMask = 2147483647;
			files = (
			);
			runOnlyForDeploymentPostprocessing = 0;
		};
		53B51B711BE81A34008F0339 /* Resources */ = {
			isa = PBXResourcesBuildPhase;
			buildActionMask = 2147483647;
			files = (
			);
			runOnlyForDeploymentPostprocessing = 0;
		};
/* End PBXResourcesBuildPhase section */

/* Begin PBXSourcesBuildPhase section */
		53B51B501BE81A34008F0339 /* Sources */ = {
			isa = PBXSourcesBuildPhase;
			buildActionMask = 2147483647;
			files = (
				53B51B5A1BE81A34008F0339 /* ViewController.swift in Sources */,
				53B51B581BE81A34008F0339 /* AppDelegate.swift in Sources */,
			);
			runOnlyForDeploymentPostprocessing = 0;
		};
		53B51B641BE81A34008F0339 /* Sources */ = {
			isa = PBXSourcesBuildPhase;
			buildActionMask = 2147483647;
			files = (
				53B51B6D1BE81A34008F0339 /* BillboTests.swift in Sources */,
			);
			runOnlyForDeploymentPostprocessing = 0;
		};
		53B51B6F1BE81A34008F0339 /* Sources */ = {
			isa = PBXSourcesBuildPhase;
			buildActionMask = 2147483647;
			files = (
				53B51B781BE81A34008F0339 /* BillboUITests.swift in Sources */,
			);
			runOnlyForDeploymentPostprocessing = 0;
		};
/* End PBXSourcesBuildPhase section */

/* Begin PBXTargetDependency section */
		53B51B6A1BE81A34008F0339 /* PBXTargetDependency */ = {
			isa = PBXTargetDependency;
			target = 53B51B531BE81A34008F0339 /* Billbo */;
			targetProxy = 53B51B691BE81A34008F0339 /* PBXContainerItemProxy */;
		};
		53B51B751BE81A34008F0339 /* PBXTargetDependency */ = {
			isa = PBXTargetDependency;
			target = 53B51B531BE81A34008F0339 /* Billbo */;
			targetProxy = 53B51B741BE81A34008F0339 /* PBXContainerItemProxy */;
		};
/* End PBXTargetDependency section */

/* Begin PBXVariantGroup section */
		53B51B5B1BE81A34008F0339 /* Main.storyboard */ = {
			isa = PBXVariantGroup;
			children = (
				53B51B5C1BE81A34008F0339 /* Base */,
			);
			name = Main.storyboard;
			sourceTree = "<group>";
		};
		53B51B601BE81A34008F0339 /* LaunchScreen.storyboard */ = {
			isa = PBXVariantGroup;
			children = (
				53B51B611BE81A34008F0339 /* Base */,
			);
			name = LaunchScreen.storyboard;
			sourceTree = "<group>";
		};
/* End PBXVariantGroup section */

/* Begin XCBuildConfiguration section */
		53B51B7A1BE81A34008F0339 /* Debug */ = {
			isa = XCBuildConfiguration;
			buildSettings = {
				ALWAYS_SEARCH_USER_PATHS = NO;
				CLANG_CXX_LANGUAGE_STANDARD = "gnu++0x";
				CLANG_CXX_LIBRARY = "libc++";
				CLANG_ENABLE_MODULES = YES;
				CLANG_ENABLE_OBJC_ARC = YES;
				CLANG_WARN_BOOL_CONVERSION = YES;
				CLANG_WARN_CONSTANT_CONVERSION = YES;
				CLANG_WARN_DIRECT_OBJC_ISA_USAGE = YES_ERROR;
				CLANG_WARN_EMPTY_BODY = YES;
				CLANG_WARN_ENUM_CONVERSION = YES;
				CLANG_WARN_INT_CONVERSION = YES;
				CLANG_WARN_OBJC_ROOT_CLASS = YES_ERROR;
				CLANG_WARN_UNREACHABLE_CODE = YES;
				CLANG_WARN__DUPLICATE_METHOD_MATCH = YES;
				"CODE_SIGN_IDENTITY[sdk=iphoneos*]" = "iPhone Developer";
				COPY_PHASE_STRIP = NO;
				DEBUG_INFORMATION_FORMAT = dwarf;
				ENABLE_STRICT_OBJC_MSGSEND = YES;
				ENABLE_TESTABILITY = YES;
				GCC_C_LANGUAGE_STANDARD = gnu99;
				GCC_DYNAMIC_NO_PIC = NO;
				GCC_NO_COMMON_BLOCKS = YES;
				GCC_OPTIMIZATION_LEVEL = 0;
				GCC_PREPROCESSOR_DEFINITIONS = (
					"DEBUG=1",
					"$(inherited)",
				);
				GCC_WARN_64_TO_32_BIT_CONVERSION = YES;
				GCC_WARN_ABOUT_RETURN_TYPE = YES_ERROR;
				GCC_WARN_UNDECLARED_SELECTOR = YES;
				GCC_WARN_UNINITIALIZED_AUTOS = YES_AGGRESSIVE;
				GCC_WARN_UNUSED_FUNCTION = YES;
				GCC_WARN_UNUSED_VARIABLE = YES;
				IPHONEOS_DEPLOYMENT_TARGET = 9.1;
				MTL_ENABLE_DEBUG_INFO = YES;
				ONLY_ACTIVE_ARCH = YES;
				SDKROOT = iphoneos;
				SWIFT_OPTIMIZATION_LEVEL = "-Onone";
			};
			name = Debug;
		};
		53B51B7B1BE81A34008F0339 /* Release */ = {
			isa = XCBuildConfiguration;
			buildSettings = {
				ALWAYS_SEARCH_USER_PATHS = NO;
				CLANG_CXX_LANGUAGE_STANDARD = "gnu++0x";
				CLANG_CXX_LIBRARY = "libc++";
				CLANG_ENABLE_MODULES = YES;
				CLANG_ENABLE_OBJC_ARC = YES;
				CLANG_WARN_BOOL_CONVERSION = YES;
				CLANG_WARN_CONSTANT_CONVERSION = YES;
				CLANG_WARN_DIRECT_OBJC_ISA_USAGE = YES_ERROR;
				CLANG_WARN_EMPTY_BODY = YES;
				CLANG_WARN_ENUM_CONVERSION = YES;
				CLANG_WARN_INT_CONVERSION = YES;
				CLANG_WARN_OBJC_ROOT_CLASS = YES_ERROR;
				CLANG_WARN_UNREACHABLE_CODE = YES;
				CLANG_WARN__DUPLICATE_METHOD_MATCH = YES;
				"CODE_SIGN_IDENTITY[sdk=iphoneos*]" = "iPhone Developer";
				COPY_PHASE_STRIP = NO;
				DEBUG_INFORMATION_FORMAT = "dwarf-with-dsym";
				ENABLE_NS_ASSERTIONS = NO;
				ENABLE_STRICT_OBJC_MSGSEND = YES;
				GCC_C_LANGUAGE_STANDARD = gnu99;
				GCC_NO_COMMON_BLOCKS = YES;
				GCC_WARN_64_TO_32_BIT_CONVERSION = YES;
				GCC_WARN_ABOUT_RETURN_TYPE = YES_ERROR;
				GCC_WARN_UNDECLARED_SELECTOR = YES;
				GCC_WARN_UNINITIALIZED_AUTOS = YES_AGGRESSIVE;
				GCC_WARN_UNUSED_FUNCTION = YES;
				GCC_WARN_UNUSED_VARIABLE = YES;
				IPHONEOS_DEPLOYMENT_TARGET = 9.1;
				MTL_ENABLE_DEBUG_INFO = NO;
				SDKROOT = iphoneos;
				VALIDATE_PRODUCT = YES;
			};
			name = Release;
		};
		53B51B7D1BE81A34008F0339 /* Debug */ = {
			isa = XCBuildConfiguration;
			buildSettings = {
				ASSETCATALOG_COMPILER_APPICON_NAME = AppIcon;
				INFOPLIST_FILE = Billbo/Info.plist;
				LD_RUNPATH_SEARCH_PATHS = "$(inherited) @executable_path/Frameworks";
				PRODUCT_BUNDLE_IDENTIFIER = com.crystalkuo.Billbo;
				PRODUCT_NAME = "$(TARGET_NAME)";
			};
			name = Debug;
		};
		53B51B7E1BE81A34008F0339 /* Release */ = {
			isa = XCBuildConfiguration;
			buildSettings = {
				ASSETCATALOG_COMPILER_APPICON_NAME = AppIcon;
				INFOPLIST_FILE = Billbo/Info.plist;
				LD_RUNPATH_SEARCH_PATHS = "$(inherited) @executable_path/Frameworks";
				PRODUCT_BUNDLE_IDENTIFIER = com.crystalkuo.Billbo;
				PRODUCT_NAME = "$(TARGET_NAME)";
			};
			name = Release;
		};
		53B51B801BE81A34008F0339 /* Debug */ = {
			isa = XCBuildConfiguration;
			buildSettings = {
				BUNDLE_LOADER = "$(TEST_HOST)";
				INFOPLIST_FILE = BillboTests/Info.plist;
				LD_RUNPATH_SEARCH_PATHS = "$(inherited) @executable_path/Frameworks @loader_path/Frameworks";
				PRODUCT_BUNDLE_IDENTIFIER = com.crystalkuo.BillboTests;
				PRODUCT_NAME = "$(TARGET_NAME)";
				TEST_HOST = "$(BUILT_PRODUCTS_DIR)/Billbo.app/Billbo";
			};
			name = Debug;
		};
		53B51B811BE81A34008F0339 /* Release */ = {
			isa = XCBuildConfiguration;
			buildSettings = {
				BUNDLE_LOADER = "$(TEST_HOST)";
				INFOPLIST_FILE = BillboTests/Info.plist;
				LD_RUNPATH_SEARCH_PATHS = "$(inherited) @executable_path/Frameworks @loader_path/Frameworks";
				PRODUCT_BUNDLE_IDENTIFIER = com.crystalkuo.BillboTests;
				PRODUCT_NAME = "$(TARGET_NAME)";
				TEST_HOST = "$(BUILT_PRODUCTS_DIR)/Billbo.app/Billbo";
			};
			name = Release;
		};
		53B51B831BE81A34008F0339 /* Debug */ = {
			isa = XCBuildConfiguration;
			buildSettings = {
				INFOPLIST_FILE = BillboUITests/Info.plist;
				LD_RUNPATH_SEARCH_PATHS = "$(inherited) @executable_path/Frameworks @loader_path/Frameworks";
				PRODUCT_BUNDLE_IDENTIFIER = com.crystalkuo.BillboUITests;
				PRODUCT_NAME = "$(TARGET_NAME)";
				TEST_TARGET_NAME = Billbo;
				USES_XCTRUNNER = YES;
			};
			name = Debug;
		};
		53B51B841BE81A34008F0339 /* Release */ = {
			isa = XCBuildConfiguration;
			buildSettings = {
				INFOPLIST_FILE = BillboUITests/Info.plist;
				LD_RUNPATH_SEARCH_PATHS = "$(inherited) @executable_path/Frameworks @loader_path/Frameworks";
				PRODUCT_BUNDLE_IDENTIFIER = com.crystalkuo.BillboUITests;
				PRODUCT_NAME = "$(TARGET_NAME)";
				TEST_TARGET_NAME = Billbo;
				USES_XCTRUNNER = YES;
			};
			name = Release;
		};
/* End XCBuildConfiguration section */

/* Begin XCConfigurationList section */
		53B51B4F1BE81A34008F0339 /* Build configuration list for PBXProject "Billbo" */ = {
			isa = XCConfigurationList;
			buildConfigurations = (
				53B51B7A1BE81A34008F0339 /* Debug */,
				53B51B7B1BE81A34008F0339 /* Release */,
			);
			defaultConfigurationIsVisible = 0;
			defaultConfigurationName = Release;
		};
		53B51B7C1BE81A34008F0339 /* Build configuration list for PBXNativeTarget "Billbo" */ = {
			isa = XCConfigurationList;
			buildConfigurations = (
				53B51B7D1BE81A34008F0339 /* Debug */,
				53B51B7E1BE81A34008F0339 /* Release */,
			);
			defaultConfigurationIsVisible = 0;
		};
		53B51B7F1BE81A34008F0339 /* Build configuration list for PBXNativeTarget "BillboTests" */ = {
			isa = XCConfigurationList;
			buildConfigurations = (
				53B51B801BE81A34008F0339 /* Debug */,
				53B51B811BE81A34008F0339 /* Release */,
			);
			defaultConfigurationIsVisible = 0;
		};
		53B51B821BE81A34008F0339 /* Build configuration list for PBXNativeTarget "BillboUITests" */ = {
			isa = XCConfigurationList;
			buildConfigurations = (
				53B51B831BE81A34008F0339 /* Debug */,
				53B51B841BE81A34008F0339 /* Release */,
			);
			defaultConfigurationIsVisible = 0;
		};
/* End XCConfigurationList section */
	};
	rootObject = 53B51B4C1BE81A34008F0339 /* Project object */;
}
